// !$*UTF8*$!
{
	archiveVersion = 1;
	classes = {
	};
	objectVersion = 50;
	objects = {

/* Begin PBXBuildFile section */
		C0E301FC244E998000D3264E /* AppDelegate.swift in Sources */ = {isa = PBXBuildFile; fileRef = C0E301FB244E998000D3264E /* AppDelegate.swift */; };
		C0E301FE244E998000D3264E /* SceneDelegate.swift in Sources */ = {isa = PBXBuildFile; fileRef = C0E301FD244E998000D3264E /* SceneDelegate.swift */; };
		C0E30200244E998000D3264E /* ViewController.swift in Sources */ = {isa = PBXBuildFile; fileRef = C0E301FF244E998000D3264E /* ViewController.swift */; };
		C0E30203244E998100D3264E /* Main.storyboard in Resources */ = {isa = PBXBuildFile; fileRef = C0E30201244E998100D3264E /* Main.storyboard */; };
		C0E30205244E998500D3264E /* Assets.xcassets in Resources */ = {isa = PBXBuildFile; fileRef = C0E30204244E998500D3264E /* Assets.xcassets */; };
		C0E30208244E998500D3264E /* LaunchScreen.storyboard in Resources */ = {isa = PBXBuildFile; fileRef = C0E30206244E998500D3264E /* LaunchScreen.storyboard */; };
		C0E30210244E9A3D00D3264E /* cafes_sf.json in Resources */ = {isa = PBXBuildFile; fileRef = C0E3020F244E9A3D00D3264E /* cafes_sf.json */; };
		C0E30212244E9AF000D3264E /* Cafe.swift in Sources */ = {isa = PBXBuildFile; fileRef = C0E30211244E9AF000D3264E /* Cafe.swift */; };
/* End PBXBuildFile section */

/* Begin PBXFileReference section */
		C0E301F8244E998000D3264E /* CafeJson-Ping-Zhao.app */ = {isa = PBXFileReference; explicitFileType = wrapper.application; includeInIndex = 0; path = "CafeJson-Ping-Zhao.app"; sourceTree = BUILT_PRODUCTS_DIR; };
		C0E301FB244E998000D3264E /* AppDelegate.swift */ = {isa = PBXFileReference; lastKnownFileType = sourcecode.swift; path = AppDelegate.swift; sourceTree = "<group>"; };
		C0E301FD244E998000D3264E /* SceneDelegate.swift */ = {isa = PBXFileReference; lastKnownFileType = sourcecode.swift; path = SceneDelegate.swift; sourceTree = "<group>"; };
		C0E301FF244E998000D3264E /* ViewController.swift */ = {isa = PBXFileReference; lastKnownFileType = sourcecode.swift; path = ViewController.swift; sourceTree = "<group>"; };
		C0E30202244E998100D3264E /* Base */ = {isa = PBXFileReference; lastKnownFileType = file.storyboard; name = Base; path = Base.lproj/Main.storyboard; sourceTree = "<group>"; };
		C0E30204244E998500D3264E /* Assets.xcassets */ = {isa = PBXFileReference; lastKnownFileType = folder.assetcatalog; path = Assets.xcassets; sourceTree = "<group>"; };
		C0E30207244E998500D3264E /* Base */ = {isa = PBXFileReference; lastKnownFileType = file.storyboard; name = Base; path = Base.lproj/LaunchScreen.storyboard; sourceTree = "<group>"; };
		C0E30209244E998500D3264E /* Info.plist */ = {isa = PBXFileReference; lastKnownFileType = text.plist.xml; path = Info.plist; sourceTree = "<group>"; };
		C0E3020F244E9A3D00D3264E /* cafes_sf.json */ = {isa = PBXFileReference; fileEncoding = 4; lastKnownFileType = text.json; name = cafes_sf.json; path = ../../../../Downloads/cafes_sf.json; sourceTree = "<group>"; };
		C0E30211244E9AF000D3264E /* Cafe.swift */ = {isa = PBXFileReference; lastKnownFileType = sourcecode.swift; path = Cafe.swift; sourceTree = "<group>"; };
/* End PBXFileReference section */

/* Begin PBXFrameworksBuildPhase section */
		C0E301F5244E998000D3264E /* Frameworks */ = {
			isa = PBXFrameworksBuildPhase;
			buildActionMask = 2147483647;
			files = (
			);
			runOnlyForDeploymentPostprocessing = 0;
		};
/* End PBXFrameworksBuildPhase section */

/* Begin PBXGroup section */
		C0E301EF244E998000D3264E = {
			isa = PBXGroup;
			children = (
				C0E301FA244E998000D3264E /* CafeJson-Ping-Zhao */,
				C0E301F9244E998000D3264E /* Products */,
			);
			sourceTree = "<group>";
		};
		C0E301F9244E998000D3264E /* Products */ = {
			isa = PBXGroup;
			children = (
				C0E301F8244E998000D3264E /* CafeJson-Ping-Zhao.app */,
			);
			name = Products;
			sourceTree = "<group>";
		};
		C0E301FA244E998000D3264E /* CafeJson-Ping-Zhao */ = {
			isa = PBXGroup;
			children = (
				C0E301FB244E998000D3264E /* AppDelegate.swift */,
				C0E301FD244E998000D3264E /* SceneDelegate.swift */,
				C0E3020F244E9A3D00D3264E /* cafes_sf.json */,
				C0E30211244E9AF000D3264E /* Cafe.swift */,
				C0E301FF244E998000D3264E /* ViewController.swift */,
				C0E30201244E998100D3264E /* Main.storyboard */,
				C0E30204244E998500D3264E /* Assets.xcassets */,
				C0E30206244E998500D3264E /* LaunchScreen.storyboard */,
				C0E30209244E998500D3264E /* Info.plist */,
			);
			path = "CafeJson-Ping-Zhao";
			sourceTree = "<group>";
		};
/* End PBXGroup section */

/* Begin PBXNativeTarget section */
		C0E301F7244E998000D3264E /* CafeJson-Ping-Zhao */ = {
			isa = PBXNativeTarget;
			buildConfigurationList = C0E3020C244E998500D3264E /* Build configuration list for PBXNativeTarget "CafeJson-Ping-Zhao" */;
			buildPhases = (
				C0E301F4244E998000D3264E /* Sources */,
				C0E301F5244E998000D3264E /* Frameworks */,
				C0E301F6244E998000D3264E /* Resources */,
			);
			buildRules = (
			);
			dependencies = (
			);
			name = "CafeJson-Ping-Zhao";
			productName = "CafeJson-Ping-Zhao";
			productReference = C0E301F8244E998000D3264E /* CafeJson-Ping-Zhao.app */;
			productType = "com.apple.product-type.application";
		};
/* End PBXNativeTarget section */

/* Begin PBXProject section */
		C0E301F0244E998000D3264E /* Project object */ = {
			isa = PBXProject;
			attributes = {
				LastSwiftUpdateCheck = 1130;
				LastUpgradeCheck = 1130;
				ORGANIZATIONNAME = "Ping Zhao";
				TargetAttributes = {
					C0E301F7244E998000D3264E = {
						CreatedOnToolsVersion = 11.3.1;
					};
				};
			};
			buildConfigurationList = C0E301F3244E998000D3264E /* Build configuration list for PBXProject "CafeJson-Ping-Zhao" */;
			compatibilityVersion = "Xcode 9.3";
			developmentRegion = en;
			hasScannedForEncodings = 0;
			knownRegions = (
				en,
				Base,
			);
			mainGroup = C0E301EF244E998000D3264E;
			productRefGroup = C0E301F9244E998000D3264E /* Products */;
			projectDirPath = "";
			projectRoot = "";
			targets = (
				C0E301F7244E998000D3264E /* CafeJson-Ping-Zhao */,
			);
		};
/* End PBXProject section */

/* Begin PBXResourcesBuildPhase section */
		C0E301F6244E998000D3264E /* Resources */ = {
			isa = PBXResourcesBuildPhase;
			buildActionMask = 2147483647;
			files = (
				C0E30208244E998500D3264E /* LaunchScreen.storyboard in Resources */,
				C0E30205244E998500D3264E /* Assets.xcassets in Resources */,
				C0E30203244E998100D3264E /* Main.storyboard in Resources */,
				C0E30210244E9A3D00D3264E /* cafes_sf.json in Resources */,
			);
			runOnlyForDeploymentPostprocessing = 0;
		};
/* End PBXResourcesBuildPhase section */

/* Begin PBXSourcesBuildPhase section */
		C0E301F4244E998000D3264E /* Sources */ = {
			isa = PBXSourcesBuildPhase;
			buildActionMask = 2147483647;
			files = (
				C0E30212244E9AF000D3264E /* Cafe.swift in Sources */,
				C0E30200244E998000D3264E /* ViewController.swift in Sources */,
				C0E301FC244E998000D3264E /* AppDelegate.swift in Sources */,
				C0E301FE244E998000D3264E /* SceneDelegate.swift in Sources */,
			);
			runOnlyForDeploymentPostprocessing = 0;
		};
/* End PBXSourcesBuildPhase section */

/* Begin PBXVariantGroup section */
		C0E30201244E998100D3264E /* Main.storyboard */ = {
			isa = PBXVariantGroup;
			children = (
				C0E30202244E998100D3264E /* Base */,
			);
			name = Main.storyboard;
			sourceTree = "<group>";
		};
		C0E30206244E998500D3264E /* LaunchScreen.storyboard */ = {
			isa = PBXVariantGroup;
			children = (
				C0E30207244E998500D3264E /* Base */,
			);
			name = LaunchScreen.storyboard;
			sourceTree = "<group>";
		};
/* End PBXVariantGroup section */

/* Begin XCBuildConfiguration section */
		C0E3020A244E998500D3264E /* Debug */ = {
			isa = XCBuildConfiguration;
			buildSettings = {
				ALWAYS_SEARCH_USER_PATHS = NO;
				CLANG_ANALYZER_NONNULL = YES;
				CLANG_ANALYZER_NUMBER_OBJECT_CONVERSION = YES_AGGRESSIVE;
				CLANG_CXX_LANGUAGE_STANDARD = "gnu++14";
				CLANG_CXX_LIBRARY = "libc++";
				CLANG_ENABLE_MODULES = YES;
				CLANG_ENABLE_OBJC_ARC = YES;
				CLANG_ENABLE_OBJC_WEAK = YES;
				CLANG_WARN_BLOCK_CAPTURE_AUTORELEASING = YES;
				CLANG_WARN_BOOL_CONVERSION = YES;
				CLANG_WARN_COMMA = YES;
				CLANG_WARN_CONSTANT_CONVERSION = YES;
				CLANG_WARN_DEPRECATED_OBJC_IMPLEMENTATIONS = YES;
				CLANG_WARN_DIRECT_OBJC_ISA_USAGE = YES_ERROR;
				CLANG_WARN_DOCUMENTATION_COMMENTS = YES;
				CLANG_WARN_EMPTY_BODY = YES;
				CLANG_WARN_ENUM_CONVERSION = YES;
				CLANG_WARN_INFINITE_RECURSION = YES;
				CLANG_WARN_INT_CONVERSION = YES;
				CLANG_WARN_NON_LITERAL_NULL_CONVERSION = YES;
				CLANG_WARN_OBJC_IMPLICIT_RETAIN_SELF = YES;
				CLANG_WARN_OBJC_LITERAL_CONVERSION = YES;
				CLANG_WARN_OBJC_ROOT_CLASS = YES_ERROR;
				CLANG_WARN_RANGE_LOOP_ANALYSIS = YES;
				CLANG_WARN_STRICT_PROTOTYPES = YES;
				CLANG_WARN_SUSPICIOUS_MOVE = YES;
				CLANG_WARN_UNGUARDED_AVAILABILITY = YES_AGGRESSIVE;
				CLANG_WARN_UNREACHABLE_CODE = YES;
				CLANG_WARN__DUPLICATE_METHOD_MATCH = YES;
				COPY_PHASE_STRIP = NO;
				DEBUG_INFORMATION_FORMAT = dwarf;
				ENABLE_STRICT_OBJC_MSGSEND = YES;
				ENABLE_TESTABILITY = YES;
				GCC_C_LANGUAGE_STANDARD = gnu11;
				GCC_DYNAMIC_NO_PIC = NO;
				GCC_NO_COMMON_BLOCKS = YES;
				GCC_OPTIMIZATION_LEVEL = 0;
				GCC_PREPROCESSOR_DEFINITIONS = (
					"DEBUG=1",
					"$(inherited)",
				);
				GCC_WARN_64_TO_32_BIT_CONVERSION = YES;
				GCC_WARN_ABOUT_RETURN_TYPE = YES_ERROR;
				GCC_WARN_UNDECLARED_SELECTOR = YES;
				GCC_WARN_UNINITIALIZED_AUTOS = YES_AGGRESSIVE;
				GCC_WARN_UNUSED_FUNCTION = YES;
				GCC_WARN_UNUSED_VARIABLE = YES;
				IPHONEOS_DEPLOYMENT_TARGET = 13.2;
				MTL_ENABLE_DEBUG_INFO = INCLUDE_SOURCE;
				MTL_FAST_MATH = YES;
				ONLY_ACTIVE_ARCH = YES;
				SDKROOT = iphoneos;
				SWIFT_ACTIVE_COMPILATION_CONDITIONS = DEBUG;
				SWIFT_OPTIMIZATION_LEVEL = "-Onone";
			};
			name = Debug;
		};
		C0E3020B244E998500D3264E /* Release */ = {
			isa = XCBuildConfiguration;
			buildSettings = {
				ALWAYS_SEARCH_USER_PATHS = NO;
				CLANG_ANALYZER_NONNULL = YES;
				CLANG_ANALYZER_NUMBER_OBJECT_CONVERSION = YES_AGGRESSIVE;
				CLANG_CXX_LANGUAGE_STANDARD = "gnu++14";
				CLANG_CXX_LIBRARY = "libc++";
				CLANG_ENABLE_MODULES = YES;
				CLANG_ENABLE_OBJC_ARC = YES;
				CLANG_ENABLE_OBJC_WEAK = YES;
				CLANG_WARN_BLOCK_CAPTURE_AUTORELEASING = YES;
				CLANG_WARN_BOOL_CONVERSION = YES;
				CLANG_WARN_COMMA = YES;
				CLANG_WARN_CONSTANT_CONVERSION = YES;
				CLANG_WARN_DEPRECATED_OBJC_IMPLEMENTATIONS = YES;
				CLANG_WARN_DIRECT_OBJC_ISA_USAGE = YES_ERROR;
				CLANG_WARN_DOCUMENTATION_COMMENTS = YES;
				CLANG_WARN_EMPTY_BODY = YES;
				CLANG_WARN_ENUM_CONVERSION = YES;
				CLANG_WARN_INFINITE_RECURSION = YES;
				CLANG_WARN_INT_CONVERSION = YES;
				CLANG_WARN_NON_LITERAL_NULL_CONVERSION = YES;
				CLANG_WARN_OBJC_IMPLICIT_RETAIN_SELF = YES;
				CLANG_WARN_OBJC_LITERAL_CONVERSION = YES;
				CLANG_WARN_OBJC_ROOT_CLASS = YES_ERROR;
				CLANG_WARN_RANGE_LOOP_ANALYSIS = YES;
				CLANG_WARN_STRICT_PROTOTYPES = YES;
				CLANG_WARN_SUSPICIOUS_MOVE = YES;
				CLANG_WARN_UNGUARDED_AVAILABILITY = YES_AGGRESSIVE;
				CLANG_WARN_UNREACHABLE_CODE = YES;
				CLANG_WARN__DUPLICATE_METHOD_MATCH = YES;
				COPY_PHASE_STRIP = NO;
				DEBUG_INFORMATION_FORMAT = "dwarf-with-dsym";
				ENABLE_NS_ASSERTIONS = NO;
				ENABLE_STRICT_OBJC_MSGSEND = YES;
				GCC_C_LANGUAGE_STANDARD = gnu11;
				GCC_NO_COMMON_BLOCKS = YES;
				GCC_WARN_64_TO_32_BIT_CONVERSION = YES;
				GCC_WARN_ABOUT_RETURN_TYPE = YES_ERROR;
				GCC_WARN_UNDECLARED_SELECTOR = YES;
				GCC_WARN_UNINITIALIZED_AUTOS = YES_AGGRESSIVE;
				GCC_WARN_UNUSED_FUNCTION = YES;
				GCC_WARN_UNUSED_VARIABLE = YES;
				IPHONEOS_DEPLOYMENT_TARGET = 13.2;
				MTL_ENABLE_DEBUG_INFO = NO;
				MTL_FAST_MATH = YES;
				SDKROOT = iphoneos;
				SWIFT_COMPILATION_MODE = wholemodule;
				SWIFT_OPTIMIZATION_LEVEL = "-O";
				VALIDATE_PRODUCT = YES;
			};
			name = Release;
		};
		C0E3020D244E998500D3264E /* Debug */ = {
			isa = XCBuildConfiguration;
			buildSettings = {
				ASSETCATALOG_COMPILER_APPICON_NAME = AppIcon;
				CODE_SIGN_STYLE = Automatic;
				DEVELOPMENT_TEAM = S944N63434;
				INFOPLIST_FILE = "CafeJson-Ping-Zhao/Info.plist";
				LD_RUNPATH_SEARCH_PATHS = (
					"$(inherited)",
					"@executable_path/Frameworks",
				);
				PRODUCT_BUNDLE_IDENTIFIER = "SFSU.CafeJson-Ping-Zhao";
				PRODUCT_NAME = "$(TARGET_NAME)";
				SWIFT_VERSION = 5.0;
				TARGETED_DEVICE_FAMILY = "1,2";
			};
			name = Debug;
		};
		C0E3020E244E998500D3264E /* Release */ = {
			isa = XCBuildConfiguration;
			buildSettings = {
				ASSETCATALOG_COMPILER_APPICON_NAME = AppIcon;
				CODE_SIGN_STYLE = Automatic;
				DEVELOPMENT_TEAM = S944N63434;
				INFOPLIST_FILE = "CafeJson-Ping-Zhao/Info.plist";
				LD_RUNPATH_SEARCH_PATHS = (
					"$(inherited)",
					"@executable_path/Frameworks",
				);
				PRODUCT_BUNDLE_IDENTIFIER = "SFSU.CafeJson-Ping-Zhao";
				PRODUCT_NAME = "$(TARGET_NAME)";
				SWIFT_VERSION = 5.0;
				TARGETED_DEVICE_FAMILY = "1,2";
			};
			name = Release;
		};
/* End XCBuildConfiguration section */

/* Begin XCConfigurationList section */
		C0E301F3244E998000D3264E /* Build configuration list for PBXProject "CafeJson-Ping-Zhao" */ = {
			isa = XCConfigurationList;
			buildConfigurations = (
				C0E3020A244E998500D3264E /* Debug */,
				C0E3020B244E998500D3264E /* Release */,
			);
			defaultConfigurationIsVisible = 0;
			defaultConfigurationName = Release;
		};
		C0E3020C244E998500D3264E /* Build configuration list for PBXNativeTarget "CafeJson-Ping-Zhao" */ = {
			isa = XCConfigurationList;
			buildConfigurations = (
				C0E3020D244E998500D3264E /* Debug */,
				C0E3020E244E998500D3264E /* Release */,
			);
			defaultConfigurationIsVisible = 0;
			defaultConfigurationName = Release;
		};
/* End XCConfigurationList section */
	};
	rootObject = C0E301F0244E998000D3264E /* Project object */;
}
